// !$*UTF8*$!
{
	archiveVersion = 1;
	classes = {
	};
	objectVersion = 56;
	objects = {

/* Begin PBXBuildFile section */
		B207AB662A8DA9F200FF6584 /* UIImage+radius.swift in Sources */ = {isa = PBXBuildFile; fileRef = B207AB652A8DA9F200FF6584 /* UIImage+radius.swift */; };
		B207AB682A8E4C7800FF6584 /* MyRoute.storyboard in Resources */ = {isa = PBXBuildFile; fileRef = B207AB672A8E4C7800FF6584 /* MyRoute.storyboard */; };
		B207AB6A2A8E757500FF6584 /* indexBG.png in Resources */ = {isa = PBXBuildFile; fileRef = B207AB692A8E757500FF6584 /* indexBG.png */; };
		B2439D002A7BA82F00604CB5 /* RouteListTableVC.swift in Sources */ = {isa = PBXBuildFile; fileRef = B2439CFF2A7BA82F00604CB5 /* RouteListTableVC.swift */; };
		B2439D052A7BAF5800604CB5 /* Alamofire in Frameworks */ = {isa = PBXBuildFile; productRef = B2439D042A7BAF5800604CB5 /* Alamofire */; };
		B2439D072A7BDEE500604CB5 /* RouteModel.swift in Sources */ = {isa = PBXBuildFile; fileRef = B2439D062A7BDEE500604CB5 /* RouteModel.swift */; };
		B2439D0B2A7C0C6700604CB5 /* Rectangle 31bgc01.png in Resources */ = {isa = PBXBuildFile; fileRef = B2439D0A2A7C0C6700604CB5 /* Rectangle 31bgc01.png */; };
		B2439D0D2A7C0CD700604CB5 /* Rectangle 32bgc02.png in Resources */ = {isa = PBXBuildFile; fileRef = B2439D0C2A7C0CD700604CB5 /* Rectangle 32bgc02.png */; };
		B2439D0F2A7CE4EC00604CB5 /* CoreDataHelper.swift in Sources */ = {isa = PBXBuildFile; fileRef = B2439D0E2A7CE4EC00604CB5 /* CoreDataHelper.swift */; };
		B2439D122A7E8E6100604CB5 /* RouteListDataModel.xcdatamodeld in Sources */ = {isa = PBXBuildFile; fileRef = B2439D102A7E8E6100604CB5 /* RouteListDataModel.xcdatamodeld */; };
		B2439D232A81D35E00604CB5 /* RouteTableVC.swift in Sources */ = {isa = PBXBuildFile; fileRef = B2439D222A81D35E00604CB5 /* RouteTableVC.swift */; };
		B2439D252A81E3A900604CB5 /* AddTimeRecordVC.swift in Sources */ = {isa = PBXBuildFile; fileRef = B2439D242A81E3A900604CB5 /* AddTimeRecordVC.swift */; };
		B2439D272A81F1BF00604CB5 /* TimeRecordModel.swift in Sources */ = {isa = PBXBuildFile; fileRef = B2439D262A81F1BF00604CB5 /* TimeRecordModel.swift */; };
		B26D18D92A87F31300953A72 /* car_off_transBtnIcon.png in Resources */ = {isa = PBXBuildFile; fileRef = B26D18D12A87F31200953A72 /* car_off_transBtnIcon.png */; };
		B26D18DA2A87F31300953A72 /* motorcycle_on_transBtnIcon.png in Resources */ = {isa = PBXBuildFile; fileRef = B26D18D22A87F31200953A72 /* motorcycle_on_transBtnIcon.png */; };
		B26D18DB2A87F31300953A72 /* bicycle_on_transBtnIcon.png in Resources */ = {isa = PBXBuildFile; fileRef = B26D18D32A87F31200953A72 /* bicycle_on_transBtnIcon.png */; };
		B26D18DC2A87F31300953A72 /* walk_on_transBtnIcon.png in Resources */ = {isa = PBXBuildFile; fileRef = B26D18D42A87F31200953A72 /* walk_on_transBtnIcon.png */; };
		B26D18DD2A87F31300953A72 /* motorcycle_off_transBtnIcon.png in Resources */ = {isa = PBXBuildFile; fileRef = B26D18D52A87F31200953A72 /* motorcycle_off_transBtnIcon.png */; };
		B26D18DE2A87F31300953A72 /* car_on_transBtnIcon.png in Resources */ = {isa = PBXBuildFile; fileRef = B26D18D62A87F31200953A72 /* car_on_transBtnIcon.png */; };
		B26D18DF2A87F31300953A72 /* bicycle_off_transBtnIcon.png in Resources */ = {isa = PBXBuildFile; fileRef = B26D18D72A87F31300953A72 /* bicycle_off_transBtnIcon.png */; };
		B26D18E02A87F31300953A72 /* walk_off_transBtnIcon.png in Resources */ = {isa = PBXBuildFile; fileRef = B26D18D82A87F31300953A72 /* walk_off_transBtnIcon.png */; };
		B26D18E22A88B19400953A72 /* TimerHelper.swift in Sources */ = {isa = PBXBuildFile; fileRef = B26D18E12A88B19400953A72 /* TimerHelper.swift */; };
		B26D18E82A89C0AB00953A72 /* IQKeyboardManagerSwift in Frameworks */ = {isa = PBXBuildFile; productRef = B26D18E72A89C0AB00953A72 /* IQKeyboardManagerSwift */; };
		B26D18EC2A89FF7800953A72 /* SelfRouteTVCell.swift in Sources */ = {isa = PBXBuildFile; fileRef = B26D18EB2A89FF7800953A72 /* SelfRouteTVCell.swift */; };
		B277CA932A8B76A800A5CD96 /* SendRouteHelper.swift in Sources */ = {isa = PBXBuildFile; fileRef = B277CA922A8B76A800A5CD96 /* SendRouteHelper.swift */; };
		B277CA972A8BD94A00A5CD96 /* RouteCommunicator.swift in Sources */ = {isa = PBXBuildFile; fileRef = B277CA962A8BD94A00A5CD96 /* RouteCommunicator.swift */; };
		B27D932D2A866B850093F471 /* TabBarC.swift in Sources */ = {isa = PBXBuildFile; fileRef = B27D932C2A866B850093F471 /* TabBarC.swift */; };
		B2B43FA82A86610E00DE7D8A /* LeftViewCellBackgroundView.swift in Sources */ = {isa = PBXBuildFile; fileRef = B2B43FA52A86610E00DE7D8A /* LeftViewCellBackgroundView.swift */; };
		B2B43FA92A86610E00DE7D8A /* LeftViewController.swift in Sources */ = {isa = PBXBuildFile; fileRef = B2B43FA62A86610E00DE7D8A /* LeftViewController.swift */; };
		B2B43FAA2A86610E00DE7D8A /* LeftViewCell.swift in Sources */ = {isa = PBXBuildFile; fileRef = B2B43FA72A86610E00DE7D8A /* LeftViewCell.swift */; };
		B2C3E4A62A86117700E3C8F6 /* SidebarVC.swift in Sources */ = {isa = PBXBuildFile; fileRef = B2C3E4A52A86117700E3C8F6 /* SidebarVC.swift */; };
		B2C3E4AB2A86238000E3C8F6 /* LGSideMenuController in Frameworks */ = {isa = PBXBuildFile; productRef = B2C3E4AA2A86238000E3C8F6 /* LGSideMenuController */; };
		B2D32C152A8CBD4E00082167 /* undraw_My_current_location_re_whmt.png in Resources */ = {isa = PBXBuildFile; fileRef = B2D32C142A8CBD4E00082167 /* undraw_My_current_location_re_whmt.png */; };
		B2D32C1A2A8CBFC900082167 /* icon_bus.png in Resources */ = {isa = PBXBuildFile; fileRef = B2D32C162A8CBFC900082167 /* icon_bus.png */; };
		B2D32C1B2A8CBFC900082167 /* icon_mrt.png in Resources */ = {isa = PBXBuildFile; fileRef = B2D32C172A8CBFC900082167 /* icon_mrt.png */; };
		B2D32C1C2A8CBFC900082167 /* icon_setting.png in Resources */ = {isa = PBXBuildFile; fileRef = B2D32C182A8CBFC900082167 /* icon_setting.png */; };
		B2D32C1D2A8CBFC900082167 /* icon_list.png in Resources */ = {isa = PBXBuildFile; fileRef = B2D32C192A8CBFC900082167 /* icon_list.png */; };
		B2DFA42C2A87858A00D85923 /* TransportationTypeModel.swift in Sources */ = {isa = PBXBuildFile; fileRef = B2DFA42B2A87858A00D85923 /* TransportationTypeModel.swift */; };
		B2F6DD212A74C8D600A6B6CB /* AppDelegate.swift in Sources */ = {isa = PBXBuildFile; fileRef = B2F6DD202A74C8D600A6B6CB /* AppDelegate.swift */; };
		B2F6DD232A74C8D600A6B6CB /* SceneDelegate.swift in Sources */ = {isa = PBXBuildFile; fileRef = B2F6DD222A74C8D600A6B6CB /* SceneDelegate.swift */; };
		B2F6DD252A74C8D600A6B6CB /* IndexVC.swift in Sources */ = {isa = PBXBuildFile; fileRef = B2F6DD242A74C8D600A6B6CB /* IndexVC.swift */; };
		B2F6DD282A74C8D600A6B6CB /* Main.storyboard in Resources */ = {isa = PBXBuildFile; fileRef = B2F6DD262A74C8D600A6B6CB /* Main.storyboard */; };
		B2F6DD2A2A74C8D900A6B6CB /* Assets.xcassets in Resources */ = {isa = PBXBuildFile; fileRef = B2F6DD292A74C8D900A6B6CB /* Assets.xcassets */; };
		B2F6DD2D2A74C8D900A6B6CB /* LaunchScreen.storyboard in Resources */ = {isa = PBXBuildFile; fileRef = B2F6DD2B2A74C8D900A6B6CB /* LaunchScreen.storyboard */; };
/* End PBXBuildFile section */

/* Begin PBXFileReference section */
		B207AB652A8DA9F200FF6584 /* UIImage+radius.swift */ = {isa = PBXFileReference; lastKnownFileType = sourcecode.swift; path = "UIImage+radius.swift"; sourceTree = "<group>"; };
		B207AB672A8E4C7800FF6584 /* MyRoute.storyboard */ = {isa = PBXFileReference; lastKnownFileType = file.storyboard; path = MyRoute.storyboard; sourceTree = "<group>"; };
		B207AB692A8E757500FF6584 /* indexBG.png */ = {isa = PBXFileReference; lastKnownFileType = image.png; path = indexBG.png; sourceTree = "<group>"; };
		B2439CFF2A7BA82F00604CB5 /* RouteListTableVC.swift */ = {isa = PBXFileReference; lastKnownFileType = sourcecode.swift; path = RouteListTableVC.swift; sourceTree = "<group>"; };
		B2439D062A7BDEE500604CB5 /* RouteModel.swift */ = {isa = PBXFileReference; lastKnownFileType = sourcecode.swift; path = RouteModel.swift; sourceTree = "<group>"; };
		B2439D0A2A7C0C6700604CB5 /* Rectangle 31bgc01.png */ = {isa = PBXFileReference; lastKnownFileType = image.png; path = "Rectangle 31bgc01.png"; sourceTree = "<group>"; };
		B2439D0C2A7C0CD700604CB5 /* Rectangle 32bgc02.png */ = {isa = PBXFileReference; lastKnownFileType = image.png; path = "Rectangle 32bgc02.png"; sourceTree = "<group>"; };
		B2439D0E2A7CE4EC00604CB5 /* CoreDataHelper.swift */ = {isa = PBXFileReference; fileEncoding = 4; lastKnownFileType = sourcecode.swift; path = CoreDataHelper.swift; sourceTree = "<group>"; };
		B2439D112A7E8E6100604CB5 /* RouteListDataModel.xcdatamodel */ = {isa = PBXFileReference; lastKnownFileType = wrapper.xcdatamodel; path = RouteListDataModel.xcdatamodel; sourceTree = "<group>"; };
		B2439D222A81D35E00604CB5 /* RouteTableVC.swift */ = {isa = PBXFileReference; lastKnownFileType = sourcecode.swift; path = RouteTableVC.swift; sourceTree = "<group>"; };
		B2439D242A81E3A900604CB5 /* AddTimeRecordVC.swift */ = {isa = PBXFileReference; lastKnownFileType = sourcecode.swift; path = AddTimeRecordVC.swift; sourceTree = "<group>"; };
		B2439D262A81F1BF00604CB5 /* TimeRecordModel.swift */ = {isa = PBXFileReference; lastKnownFileType = sourcecode.swift; path = TimeRecordModel.swift; sourceTree = "<group>"; };
		B26D18D12A87F31200953A72 /* car_off_transBtnIcon.png */ = {isa = PBXFileReference; lastKnownFileType = image.png; path = car_off_transBtnIcon.png; sourceTree = "<group>"; };
		B26D18D22A87F31200953A72 /* motorcycle_on_transBtnIcon.png */ = {isa = PBXFileReference; lastKnownFileType = image.png; path = motorcycle_on_transBtnIcon.png; sourceTree = "<group>"; };
		B26D18D32A87F31200953A72 /* bicycle_on_transBtnIcon.png */ = {isa = PBXFileReference; lastKnownFileType = image.png; path = bicycle_on_transBtnIcon.png; sourceTree = "<group>"; };
		B26D18D42A87F31200953A72 /* walk_on_transBtnIcon.png */ = {isa = PBXFileReference; lastKnownFileType = image.png; path = walk_on_transBtnIcon.png; sourceTree = "<group>"; };
		B26D18D52A87F31200953A72 /* motorcycle_off_transBtnIcon.png */ = {isa = PBXFileReference; lastKnownFileType = image.png; path = motorcycle_off_transBtnIcon.png; sourceTree = "<group>"; };
		B26D18D62A87F31200953A72 /* car_on_transBtnIcon.png */ = {isa = PBXFileReference; lastKnownFileType = image.png; path = car_on_transBtnIcon.png; sourceTree = "<group>"; };
		B26D18D72A87F31300953A72 /* bicycle_off_transBtnIcon.png */ = {isa = PBXFileReference; lastKnownFileType = image.png; path = bicycle_off_transBtnIcon.png; sourceTree = "<group>"; };
		B26D18D82A87F31300953A72 /* walk_off_transBtnIcon.png */ = {isa = PBXFileReference; lastKnownFileType = image.png; path = walk_off_transBtnIcon.png; sourceTree = "<group>"; };
		B26D18E12A88B19400953A72 /* TimerHelper.swift */ = {isa = PBXFileReference; lastKnownFileType = sourcecode.swift; path = TimerHelper.swift; sourceTree = "<group>"; };
		B26D18EB2A89FF7800953A72 /* SelfRouteTVCell.swift */ = {isa = PBXFileReference; lastKnownFileType = sourcecode.swift; path = SelfRouteTVCell.swift; sourceTree = "<group>"; };
		B277CA922A8B76A800A5CD96 /* SendRouteHelper.swift */ = {isa = PBXFileReference; lastKnownFileType = sourcecode.swift; path = SendRouteHelper.swift; sourceTree = "<group>"; };
		B277CA962A8BD94A00A5CD96 /* RouteCommunicator.swift */ = {isa = PBXFileReference; lastKnownFileType = sourcecode.swift; path = RouteCommunicator.swift; sourceTree = "<group>"; };
		B27D932C2A866B850093F471 /* TabBarC.swift */ = {isa = PBXFileReference; lastKnownFileType = sourcecode.swift; path = TabBarC.swift; sourceTree = "<group>"; };
		B2B43FA52A86610E00DE7D8A /* LeftViewCellBackgroundView.swift */ = {isa = PBXFileReference; fileEncoding = 4; lastKnownFileType = sourcecode.swift; path = LeftViewCellBackgroundView.swift; sourceTree = "<group>"; };
		B2B43FA62A86610E00DE7D8A /* LeftViewController.swift */ = {isa = PBXFileReference; fileEncoding = 4; lastKnownFileType = sourcecode.swift; path = LeftViewController.swift; sourceTree = "<group>"; };
		B2B43FA72A86610E00DE7D8A /* LeftViewCell.swift */ = {isa = PBXFileReference; fileEncoding = 4; lastKnownFileType = sourcecode.swift; path = LeftViewCell.swift; sourceTree = "<group>"; };
		B2C3E4A52A86117700E3C8F6 /* SidebarVC.swift */ = {isa = PBXFileReference; lastKnownFileType = sourcecode.swift; path = SidebarVC.swift; sourceTree = "<group>"; };
		B2D32C142A8CBD4E00082167 /* undraw_My_current_location_re_whmt.png */ = {isa = PBXFileReference; lastKnownFileType = image.png; path = undraw_My_current_location_re_whmt.png; sourceTree = "<group>"; };
		B2D32C162A8CBFC900082167 /* icon_bus.png */ = {isa = PBXFileReference; lastKnownFileType = image.png; path = icon_bus.png; sourceTree = "<group>"; };
		B2D32C172A8CBFC900082167 /* icon_mrt.png */ = {isa = PBXFileReference; lastKnownFileType = image.png; path = icon_mrt.png; sourceTree = "<group>"; };
		B2D32C182A8CBFC900082167 /* icon_setting.png */ = {isa = PBXFileReference; lastKnownFileType = image.png; path = icon_setting.png; sourceTree = "<group>"; };
		B2D32C192A8CBFC900082167 /* icon_list.png */ = {isa = PBXFileReference; lastKnownFileType = image.png; path = icon_list.png; sourceTree = "<group>"; };
		B2DFA42B2A87858A00D85923 /* TransportationTypeModel.swift */ = {isa = PBXFileReference; lastKnownFileType = sourcecode.swift; path = TransportationTypeModel.swift; sourceTree = "<group>"; };
		B2F6DD1D2A74C8D600A6B6CB /* TransferTravel.app */ = {isa = PBXFileReference; explicitFileType = wrapper.application; includeInIndex = 0; path = TransferTravel.app; sourceTree = BUILT_PRODUCTS_DIR; };
		B2F6DD202A74C8D600A6B6CB /* AppDelegate.swift */ = {isa = PBXFileReference; lastKnownFileType = sourcecode.swift; path = AppDelegate.swift; sourceTree = "<group>"; };
		B2F6DD222A74C8D600A6B6CB /* SceneDelegate.swift */ = {isa = PBXFileReference; lastKnownFileType = sourcecode.swift; path = SceneDelegate.swift; sourceTree = "<group>"; };
		B2F6DD242A74C8D600A6B6CB /* IndexVC.swift */ = {isa = PBXFileReference; lastKnownFileType = sourcecode.swift; path = IndexVC.swift; sourceTree = "<group>"; };
		B2F6DD272A74C8D600A6B6CB /* Base */ = {isa = PBXFileReference; lastKnownFileType = file.storyboard; name = Base; path = Base.lproj/Main.storyboard; sourceTree = "<group>"; };
		B2F6DD292A74C8D900A6B6CB /* Assets.xcassets */ = {isa = PBXFileReference; lastKnownFileType = folder.assetcatalog; path = Assets.xcassets; sourceTree = "<group>"; };
		B2F6DD2C2A74C8D900A6B6CB /* Base */ = {isa = PBXFileReference; lastKnownFileType = file.storyboard; name = Base; path = Base.lproj/LaunchScreen.storyboard; sourceTree = "<group>"; };
		B2F6DD2E2A74C8D900A6B6CB /* Info.plist */ = {isa = PBXFileReference; lastKnownFileType = text.plist.xml; path = Info.plist; sourceTree = "<group>"; };
/* End PBXFileReference section */

/* Begin PBXFrameworksBuildPhase section */
		B2F6DD1A2A74C8D600A6B6CB /* Frameworks */ = {
			isa = PBXFrameworksBuildPhase;
			buildActionMask = 2147483647;
			files = (
				B2439D052A7BAF5800604CB5 /* Alamofire in Frameworks */,
				B2C3E4AB2A86238000E3C8F6 /* LGSideMenuController in Frameworks */,
				B26D18E82A89C0AB00953A72 /* IQKeyboardManagerSwift in Frameworks */,
			);
			runOnlyForDeploymentPostprocessing = 0;
		};
/* End PBXFrameworksBuildPhase section */

/* Begin PBXGroup section */
		B2439D012A7BAAD600604CB5 /* ViewController */ = {
			isa = PBXGroup;
			children = (
				B2F6DD242A74C8D600A6B6CB /* IndexVC.swift */,
				B2439CFF2A7BA82F00604CB5 /* RouteListTableVC.swift */,
				B2439D222A81D35E00604CB5 /* RouteTableVC.swift */,
				B2439D242A81E3A900604CB5 /* AddTimeRecordVC.swift */,
				B27D932C2A866B850093F471 /* TabBarC.swift */,
			);
			path = ViewController;
			sourceTree = "<group>";
		};
		B2439D022A7BAB1700604CB5 /* Model */ = {
			isa = PBXGroup;
			children = (
				B2439D0E2A7CE4EC00604CB5 /* CoreDataHelper.swift */,
				B2439D062A7BDEE500604CB5 /* RouteModel.swift */,
				B2439D262A81F1BF00604CB5 /* TimeRecordModel.swift */,
				B2DFA42B2A87858A00D85923 /* TransportationTypeModel.swift */,
				B26D18E12A88B19400953A72 /* TimerHelper.swift */,
				B2439D102A7E8E6100604CB5 /* RouteListDataModel.xcdatamodeld */,
				B277CA922A8B76A800A5CD96 /* SendRouteHelper.swift */,
			);
			path = Model;
			sourceTree = "<group>";
		};
		B2439D182A80861F00604CB5 /* Cell */ = {
			isa = PBXGroup;
			children = (
				B26D18EB2A89FF7800953A72 /* SelfRouteTVCell.swift */,
			);
			path = Cell;
			sourceTree = "<group>";
		};
		B2439D1F2A80A2B600604CB5 /* img */ = {
			isa = PBXGroup;
			children = (
				B207AB692A8E757500FF6584 /* indexBG.png */,
				B2D32C162A8CBFC900082167 /* icon_bus.png */,
				B2D32C192A8CBFC900082167 /* icon_list.png */,
				B2D32C172A8CBFC900082167 /* icon_mrt.png */,
				B2D32C182A8CBFC900082167 /* icon_setting.png */,
				B2439D0A2A7C0C6700604CB5 /* Rectangle 31bgc01.png */,
				B2D32C142A8CBD4E00082167 /* undraw_My_current_location_re_whmt.png */,
				B2439D0C2A7C0CD700604CB5 /* Rectangle 32bgc02.png */,
				B26D18D72A87F31300953A72 /* bicycle_off_transBtnIcon.png */,
				B26D18D32A87F31200953A72 /* bicycle_on_transBtnIcon.png */,
				B26D18D12A87F31200953A72 /* car_off_transBtnIcon.png */,
				B26D18D62A87F31200953A72 /* car_on_transBtnIcon.png */,
				B26D18D52A87F31200953A72 /* motorcycle_off_transBtnIcon.png */,
				B26D18D22A87F31200953A72 /* motorcycle_on_transBtnIcon.png */,
				B26D18D82A87F31300953A72 /* walk_off_transBtnIcon.png */,
				B26D18D42A87F31200953A72 /* walk_on_transBtnIcon.png */,
			);
			path = img;
			sourceTree = "<group>";
		};
		B277CA952A8BD8F300A5CD96 /* Communicator */ = {
			isa = PBXGroup;
			children = (
				B277CA962A8BD94A00A5CD96 /* RouteCommunicator.swift */,
			);
			path = Communicator;
			sourceTree = "<group>";
		};
		B2B43FA42A8660E500DE7D8A /* SideMenu */ = {
			isa = PBXGroup;
			children = (
				B2B43FA72A86610E00DE7D8A /* LeftViewCell.swift */,
				B2B43FA52A86610E00DE7D8A /* LeftViewCellBackgroundView.swift */,
				B2B43FA62A86610E00DE7D8A /* LeftViewController.swift */,
				B2C3E4A52A86117700E3C8F6 /* SidebarVC.swift */,
			);
			path = SideMenu;
			sourceTree = "<group>";
		};
		B2F6DD142A74C8D500A6B6CB = {
			isa = PBXGroup;
			children = (
				B2F6DD1F2A74C8D600A6B6CB /* TransferTravel */,
				B2F6DD1E2A74C8D600A6B6CB /* Products */,
			);
			sourceTree = "<group>";
		};
		B2F6DD1E2A74C8D600A6B6CB /* Products */ = {
			isa = PBXGroup;
			children = (
				B2F6DD1D2A74C8D600A6B6CB /* TransferTravel.app */,
			);
			name = Products;
			sourceTree = "<group>";
		};
		B2F6DD1F2A74C8D600A6B6CB /* TransferTravel */ = {
			isa = PBXGroup;
			children = (
				B277CA952A8BD8F300A5CD96 /* Communicator */,
				B2439D1F2A80A2B600604CB5 /* img */,
				B2439D182A80861F00604CB5 /* Cell */,
				B2B43FA42A8660E500DE7D8A /* SideMenu */,
				B2439D022A7BAB1700604CB5 /* Model */,
				B2439D012A7BAAD600604CB5 /* ViewController */,
				B2F6DD202A74C8D600A6B6CB /* AppDelegate.swift */,
				B2F6DD222A74C8D600A6B6CB /* SceneDelegate.swift */,
				B2F6DD262A74C8D600A6B6CB /* Main.storyboard */,
				B207AB672A8E4C7800FF6584 /* MyRoute.storyboard */,
				B2F6DD2B2A74C8D900A6B6CB /* LaunchScreen.storyboard */,
				B2F6DD292A74C8D900A6B6CB /* Assets.xcassets */,
				B2F6DD2E2A74C8D900A6B6CB /* Info.plist */,
				B207AB652A8DA9F200FF6584 /* UIImage+radius.swift */,
			);
			path = TransferTravel;
			sourceTree = "<group>";
		};
/* End PBXGroup section */

/* Begin PBXNativeTarget section */
		B2F6DD1C2A74C8D600A6B6CB /* TransferTravel */ = {
			isa = PBXNativeTarget;
			buildConfigurationList = B2F6DD312A74C8D900A6B6CB /* Build configuration list for PBXNativeTarget "TransferTravel" */;
			buildPhases = (
				B2F6DD192A74C8D600A6B6CB /* Sources */,
				B2F6DD1A2A74C8D600A6B6CB /* Frameworks */,
				B2F6DD1B2A74C8D600A6B6CB /* Resources */,
			);
			buildRules = (
			);
			dependencies = (
			);
			name = TransferTravel;
			packageProductDependencies = (
				B2439D042A7BAF5800604CB5 /* Alamofire */,
				B2C3E4AA2A86238000E3C8F6 /* LGSideMenuController */,
				B26D18E72A89C0AB00953A72 /* IQKeyboardManagerSwift */,
			);
			productName = TransferTravel;
			productReference = B2F6DD1D2A74C8D600A6B6CB /* TransferTravel.app */;
			productType = "com.apple.product-type.application";
		};
/* End PBXNativeTarget section */

/* Begin PBXProject section */
		B2F6DD152A74C8D500A6B6CB /* Project object */ = {
			isa = PBXProject;
			attributes = {
				BuildIndependentTargetsInParallel = 1;
				LastSwiftUpdateCheck = 1430;
				LastUpgradeCheck = 1430;
				TargetAttributes = {
					B2F6DD1C2A74C8D600A6B6CB = {
						CreatedOnToolsVersion = 14.3.1;
					};
				};
			};
			buildConfigurationList = B2F6DD182A74C8D500A6B6CB /* Build configuration list for PBXProject "TransferTravel" */;
			compatibilityVersion = "Xcode 14.0";
			developmentRegion = en;
			hasScannedForEncodings = 0;
			knownRegions = (
				en,
				Base,
			);
			mainGroup = B2F6DD142A74C8D500A6B6CB;
			packageReferences = (
				B2439D032A7BAF5800604CB5 /* XCRemoteSwiftPackageReference "Alamofire" */,
				B2C3E4A92A86238000E3C8F6 /* XCRemoteSwiftPackageReference "LGSideMenuController" */,
				B26D18E62A89C0AB00953A72 /* XCRemoteSwiftPackageReference "IQKeyboardManager" */,
			);
			productRefGroup = B2F6DD1E2A74C8D600A6B6CB /* Products */;
			projectDirPath = "";
			projectRoot = "";
			targets = (
				B2F6DD1C2A74C8D600A6B6CB /* TransferTravel */,
			);
		};
/* End PBXProject section */

/* Begin PBXResourcesBuildPhase section */
		B2F6DD1B2A74C8D600A6B6CB /* Resources */ = {
			isa = PBXResourcesBuildPhase;
			buildActionMask = 2147483647;
			files = (
				B26D18DF2A87F31300953A72 /* bicycle_off_transBtnIcon.png in Resources */,
				B2D32C1A2A8CBFC900082167 /* icon_bus.png in Resources */,
				B2F6DD2D2A74C8D900A6B6CB /* LaunchScreen.storyboard in Resources */,
				B26D18DC2A87F31300953A72 /* walk_on_transBtnIcon.png in Resources */,
				B2D32C1D2A8CBFC900082167 /* icon_list.png in Resources */,
				B26D18DB2A87F31300953A72 /* bicycle_on_transBtnIcon.png in Resources */,
				B26D18D92A87F31300953A72 /* car_off_transBtnIcon.png in Resources */,
				B2439D0D2A7C0CD700604CB5 /* Rectangle 32bgc02.png in Resources */,
				B2D32C152A8CBD4E00082167 /* undraw_My_current_location_re_whmt.png in Resources */,
				B26D18DD2A87F31300953A72 /* motorcycle_off_transBtnIcon.png in Resources */,
				B26D18E02A87F31300953A72 /* walk_off_transBtnIcon.png in Resources */,
				B2D32C1B2A8CBFC900082167 /* icon_mrt.png in Resources */,
				B2F6DD2A2A74C8D900A6B6CB /* Assets.xcassets in Resources */,
				B26D18DA2A87F31300953A72 /* motorcycle_on_transBtnIcon.png in Resources */,
				B2D32C1C2A8CBFC900082167 /* icon_setting.png in Resources */,
				B207AB6A2A8E757500FF6584 /* indexBG.png in Resources */,
				B2439D0B2A7C0C6700604CB5 /* Rectangle 31bgc01.png in Resources */,
				B2F6DD282A74C8D600A6B6CB /* Main.storyboard in Resources */,
				B26D18DE2A87F31300953A72 /* car_on_transBtnIcon.png in Resources */,
				B207AB682A8E4C7800FF6584 /* MyRoute.storyboard in Resources */,
			);
			runOnlyForDeploymentPostprocessing = 0;
		};
/* End PBXResourcesBuildPhase section */

/* Begin PBXSourcesBuildPhase section */
		B2F6DD192A74C8D600A6B6CB /* Sources */ = {
			isa = PBXSourcesBuildPhase;
			buildActionMask = 2147483647;
			files = (
				B2B43FA82A86610E00DE7D8A /* LeftViewCellBackgroundView.swift in Sources */,
				B2B43FAA2A86610E00DE7D8A /* LeftViewCell.swift in Sources */,
				B277CA932A8B76A800A5CD96 /* SendRouteHelper.swift in Sources */,
				B2439D0F2A7CE4EC00604CB5 /* CoreDataHelper.swift in Sources */,
				B2DFA42C2A87858A00D85923 /* TransportationTypeModel.swift in Sources */,
				B2439D252A81E3A900604CB5 /* AddTimeRecordVC.swift in Sources */,
				B26D18E22A88B19400953A72 /* TimerHelper.swift in Sources */,
				B2F6DD252A74C8D600A6B6CB /* IndexVC.swift in Sources */,
				B2B43FA92A86610E00DE7D8A /* LeftViewController.swift in Sources */,
				B2439D122A7E8E6100604CB5 /* RouteListDataModel.xcdatamodeld in Sources */,
				B27D932D2A866B850093F471 /* TabBarC.swift in Sources */,
				B2C3E4A62A86117700E3C8F6 /* SidebarVC.swift in Sources */,
				B26D18EC2A89FF7800953A72 /* SelfRouteTVCell.swift in Sources */,
				B2439D002A7BA82F00604CB5 /* RouteListTableVC.swift in Sources */,
				B2F6DD212A74C8D600A6B6CB /* AppDelegate.swift in Sources */,
				B2439D232A81D35E00604CB5 /* RouteTableVC.swift in Sources */,
				B207AB662A8DA9F200FF6584 /* UIImage+radius.swift in Sources */,
				B2439D072A7BDEE500604CB5 /* RouteModel.swift in Sources */,
				B2F6DD232A74C8D600A6B6CB /* SceneDelegate.swift in Sources */,
				B277CA972A8BD94A00A5CD96 /* RouteCommunicator.swift in Sources */,
				B2439D272A81F1BF00604CB5 /* TimeRecordModel.swift in Sources */,
			);
			runOnlyForDeploymentPostprocessing = 0;
		};
/* End PBXSourcesBuildPhase section */

/* Begin PBXVariantGroup section */
		B2F6DD262A74C8D600A6B6CB /* Main.storyboard */ = {
			isa = PBXVariantGroup;
			children = (
				B2F6DD272A74C8D600A6B6CB /* Base */,
			);
			name = Main.storyboard;
			sourceTree = "<group>";
		};
		B2F6DD2B2A74C8D900A6B6CB /* LaunchScreen.storyboard */ = {
			isa = PBXVariantGroup;
			children = (
				B2F6DD2C2A74C8D900A6B6CB /* Base */,
			);
			name = LaunchScreen.storyboard;
			sourceTree = "<group>";
		};
/* End PBXVariantGroup section */

/* Begin XCBuildConfiguration section */
		B2F6DD2F2A74C8D900A6B6CB /* Debug */ = {
			isa = XCBuildConfiguration;
			buildSettings = {
				ALWAYS_SEARCH_USER_PATHS = NO;
				CLANG_ANALYZER_NONNULL = YES;
				CLANG_ANALYZER_NUMBER_OBJECT_CONVERSION = YES_AGGRESSIVE;
				CLANG_CXX_LANGUAGE_STANDARD = "gnu++20";
				CLANG_ENABLE_MODULES = YES;
				CLANG_ENABLE_OBJC_ARC = YES;
				CLANG_ENABLE_OBJC_WEAK = YES;
				CLANG_WARN_BLOCK_CAPTURE_AUTORELEASING = YES;
				CLANG_WARN_BOOL_CONVERSION = YES;
				CLANG_WARN_COMMA = YES;
				CLANG_WARN_CONSTANT_CONVERSION = YES;
				CLANG_WARN_DEPRECATED_OBJC_IMPLEMENTATIONS = YES;
				CLANG_WARN_DIRECT_OBJC_ISA_USAGE = YES_ERROR;
				CLANG_WARN_DOCUMENTATION_COMMENTS = YES;
				CLANG_WARN_EMPTY_BODY = YES;
				CLANG_WARN_ENUM_CONVERSION = YES;
				CLANG_WARN_INFINITE_RECURSION = YES;
				CLANG_WARN_INT_CONVERSION = YES;
				CLANG_WARN_NON_LITERAL_NULL_CONVERSION = YES;
				CLANG_WARN_OBJC_IMPLICIT_RETAIN_SELF = YES;
				CLANG_WARN_OBJC_LITERAL_CONVERSION = YES;
				CLANG_WARN_OBJC_ROOT_CLASS = YES_ERROR;
				CLANG_WARN_QUOTED_INCLUDE_IN_FRAMEWORK_HEADER = YES;
				CLANG_WARN_RANGE_LOOP_ANALYSIS = YES;
				CLANG_WARN_STRICT_PROTOTYPES = YES;
				CLANG_WARN_SUSPICIOUS_MOVE = YES;
				CLANG_WARN_UNGUARDED_AVAILABILITY = YES_AGGRESSIVE;
				CLANG_WARN_UNREACHABLE_CODE = YES;
				CLANG_WARN__DUPLICATE_METHOD_MATCH = YES;
				COPY_PHASE_STRIP = NO;
				DEBUG_INFORMATION_FORMAT = dwarf;
				ENABLE_STRICT_OBJC_MSGSEND = YES;
				ENABLE_TESTABILITY = YES;
				GCC_C_LANGUAGE_STANDARD = gnu11;
				GCC_DYNAMIC_NO_PIC = NO;
				GCC_NO_COMMON_BLOCKS = YES;
				GCC_OPTIMIZATION_LEVEL = 0;
				GCC_PREPROCESSOR_DEFINITIONS = (
					"DEBUG=1",
					"$(inherited)",
				);
				GCC_WARN_64_TO_32_BIT_CONVERSION = YES;
				GCC_WARN_ABOUT_RETURN_TYPE = YES_ERROR;
				GCC_WARN_UNDECLARED_SELECTOR = YES;
				GCC_WARN_UNINITIALIZED_AUTOS = YES_AGGRESSIVE;
				GCC_WARN_UNUSED_FUNCTION = YES;
				GCC_WARN_UNUSED_VARIABLE = YES;
				IPHONEOS_DEPLOYMENT_TARGET = 16.4;
				MTL_ENABLE_DEBUG_INFO = INCLUDE_SOURCE;
				MTL_FAST_MATH = YES;
				ONLY_ACTIVE_ARCH = YES;
				SDKROOT = iphoneos;
				SWIFT_ACTIVE_COMPILATION_CONDITIONS = DEBUG;
				SWIFT_OPTIMIZATION_LEVEL = "-Onone";
			};
			name = Debug;
		};
		B2F6DD302A74C8D900A6B6CB /* Release */ = {
			isa = XCBuildConfiguration;
			buildSettings = {
				ALWAYS_SEARCH_USER_PATHS = NO;
				CLANG_ANALYZER_NONNULL = YES;
				CLANG_ANALYZER_NUMBER_OBJECT_CONVERSION = YES_AGGRESSIVE;
				CLANG_CXX_LANGUAGE_STANDARD = "gnu++20";
				CLANG_ENABLE_MODULES = YES;
				CLANG_ENABLE_OBJC_ARC = YES;
				CLANG_ENABLE_OBJC_WEAK = YES;
				CLANG_WARN_BLOCK_CAPTURE_AUTORELEASING = YES;
				CLANG_WARN_BOOL_CONVERSION = YES;
				CLANG_WARN_COMMA = YES;
				CLANG_WARN_CONSTANT_CONVERSION = YES;
				CLANG_WARN_DEPRECATED_OBJC_IMPLEMENTATIONS = YES;
				CLANG_WARN_DIRECT_OBJC_ISA_USAGE = YES_ERROR;
				CLANG_WARN_DOCUMENTATION_COMMENTS = YES;
				CLANG_WARN_EMPTY_BODY = YES;
				CLANG_WARN_ENUM_CONVERSION = YES;
				CLANG_WARN_INFINITE_RECURSION = YES;
				CLANG_WARN_INT_CONVERSION = YES;
				CLANG_WARN_NON_LITERAL_NULL_CONVERSION = YES;
				CLANG_WARN_OBJC_IMPLICIT_RETAIN_SELF = YES;
				CLANG_WARN_OBJC_LITERAL_CONVERSION = YES;
				CLANG_WARN_OBJC_ROOT_CLASS = YES_ERROR;
				CLANG_WARN_QUOTED_INCLUDE_IN_FRAMEWORK_HEADER = YES;
				CLANG_WARN_RANGE_LOOP_ANALYSIS = YES;
				CLANG_WARN_STRICT_PROTOTYPES = YES;
				CLANG_WARN_SUSPICIOUS_MOVE = YES;
				CLANG_WARN_UNGUARDED_AVAILABILITY = YES_AGGRESSIVE;
				CLANG_WARN_UNREACHABLE_CODE = YES;
				CLANG_WARN__DUPLICATE_METHOD_MATCH = YES;
				COPY_PHASE_STRIP = NO;
				DEBUG_INFORMATION_FORMAT = "dwarf-with-dsym";
				ENABLE_NS_ASSERTIONS = NO;
				ENABLE_STRICT_OBJC_MSGSEND = YES;
				GCC_C_LANGUAGE_STANDARD = gnu11;
				GCC_NO_COMMON_BLOCKS = YES;
				GCC_WARN_64_TO_32_BIT_CONVERSION = YES;
				GCC_WARN_ABOUT_RETURN_TYPE = YES_ERROR;
				GCC_WARN_UNDECLARED_SELECTOR = YES;
				GCC_WARN_UNINITIALIZED_AUTOS = YES_AGGRESSIVE;
				GCC_WARN_UNUSED_FUNCTION = YES;
				GCC_WARN_UNUSED_VARIABLE = YES;
				IPHONEOS_DEPLOYMENT_TARGET = 16.4;
				MTL_ENABLE_DEBUG_INFO = NO;
				MTL_FAST_MATH = YES;
				SDKROOT = iphoneos;
				SWIFT_COMPILATION_MODE = wholemodule;
				SWIFT_OPTIMIZATION_LEVEL = "-O";
				VALIDATE_PRODUCT = YES;
			};
			name = Release;
		};
		B2F6DD322A74C8D900A6B6CB /* Debug */ = {
			isa = XCBuildConfiguration;
			buildSettings = {
				ASSETCATALOG_COMPILER_APPICON_NAME = AppIcon;
				ASSETCATALOG_COMPILER_GLOBAL_ACCENT_COLOR_NAME = AccentColor;
				CODE_SIGN_STYLE = Automatic;
				CURRENT_PROJECT_VERSION = 1;
				DEVELOPMENT_TEAM = 7BCF97BPM5;
				GENERATE_INFOPLIST_FILE = YES;
				INFOPLIST_FILE = TransferTravel/Info.plist;
				INFOPLIST_KEY_UIApplicationSupportsIndirectInputEvents = YES;
				INFOPLIST_KEY_UILaunchStoryboardName = LaunchScreen;
				INFOPLIST_KEY_UIMainStoryboardFile = Main;
				INFOPLIST_KEY_UIRequiresFullScreen = NO;
				INFOPLIST_KEY_UIStatusBarStyle = UIStatusBarStyleLightContent;
				INFOPLIST_KEY_UISupportedInterfaceOrientations_iPad = "UIInterfaceOrientationPortrait UIInterfaceOrientationPortraitUpsideDown UIInterfaceOrientationLandscapeLeft UIInterfaceOrientationLandscapeRight";
				INFOPLIST_KEY_UISupportedInterfaceOrientations_iPhone = "UIInterfaceOrientationPortrait UIInterfaceOrientationLandscapeLeft UIInterfaceOrientationLandscapeRight";
				INFOPLIST_KEY_UIUserInterfaceStyle = Light;
				LD_RUNPATH_SEARCH_PATHS = (
					"$(inherited)",
					"@executable_path/Frameworks",
				);
				MARKETING_VERSION = 1.0;
				PRODUCT_BUNDLE_IDENTIFIER = com.www.TransferTravel;
				PRODUCT_NAME = "$(TARGET_NAME)";
				SUPPORTED_PLATFORMS = "iphoneos iphonesimulator";
				SUPPORTS_MACCATALYST = NO;
				SUPPORTS_MAC_DESIGNED_FOR_IPHONE_IPAD = NO;
				SWIFT_EMIT_LOC_STRINGS = YES;
				SWIFT_VERSION = 5.0;
				TARGETED_DEVICE_FAMILY = "1,2";
			};
			name = Debug;
		};
		B2F6DD332A74C8D900A6B6CB /* Release */ = {
			isa = XCBuildConfiguration;
			buildSettings = {
				ASSETCATALOG_COMPILER_APPICON_NAME = AppIcon;
				ASSETCATALOG_COMPILER_GLOBAL_ACCENT_COLOR_NAME = AccentColor;
				CODE_SIGN_STYLE = Automatic;
				CURRENT_PROJECT_VERSION = 1;
				DEVELOPMENT_TEAM = 7BCF97BPM5;
				GENERATE_INFOPLIST_FILE = YES;
				INFOPLIST_FILE = TransferTravel/Info.plist;
				INFOPLIST_KEY_UIApplicationSupportsIndirectInputEvents = YES;
				INFOPLIST_KEY_UILaunchStoryboardName = LaunchScreen;
				INFOPLIST_KEY_UIMainStoryboardFile = Main;
				INFOPLIST_KEY_UIRequiresFullScreen = NO;
				INFOPLIST_KEY_UIStatusBarStyle = UIStatusBarStyleLightContent;
				INFOPLIST_KEY_UISupportedInterfaceOrientations_iPad = "UIInterfaceOrientationPortrait UIInterfaceOrientationPortraitUpsideDown UIInterfaceOrientationLandscapeLeft UIInterfaceOrientationLandscapeRight";
				INFOPLIST_KEY_UISupportedInterfaceOrientations_iPhone = "UIInterfaceOrientationPortrait UIInterfaceOrientationLandscapeLeft UIInterfaceOrientationLandscapeRight";
				INFOPLIST_KEY_UIUserInterfaceStyle = Light;
				LD_RUNPATH_SEARCH_PATHS = (
					"$(inherited)",
					"@executable_path/Frameworks",
				);
				MARKETING_VERSION = 1.0;
				PRODUCT_BUNDLE_IDENTIFIER = com.www.TransferTravel;
				PRODUCT_NAME = "$(TARGET_NAME)";
				SUPPORTED_PLATFORMS = "iphoneos iphonesimulator";
				SUPPORTS_MACCATALYST = NO;
				SUPPORTS_MAC_DESIGNED_FOR_IPHONE_IPAD = NO;
				SWIFT_EMIT_LOC_STRINGS = YES;
				SWIFT_VERSION = 5.0;
				TARGETED_DEVICE_FAMILY = "1,2";
			};
			name = Release;
		};
/* End XCBuildConfiguration section */

/* Begin XCConfigurationList section */
		B2F6DD182A74C8D500A6B6CB /* Build configuration list for PBXProject "TransferTravel" */ = {
			isa = XCConfigurationList;
			buildConfigurations = (
				B2F6DD2F2A74C8D900A6B6CB /* Debug */,
				B2F6DD302A74C8D900A6B6CB /* Release */,
			);
			defaultConfigurationIsVisible = 0;
			defaultConfigurationName = Release;
		};
		B2F6DD312A74C8D900A6B6CB /* Build configuration list for PBXNativeTarget "TransferTravel" */ = {
			isa = XCConfigurationList;
			buildConfigurations = (
				B2F6DD322A74C8D900A6B6CB /* Debug */,
				B2F6DD332A74C8D900A6B6CB /* Release */,
			);
			defaultConfigurationIsVisible = 0;
			defaultConfigurationName = Release;
		};
/* End XCConfigurationList section */

/* Begin XCRemoteSwiftPackageReference section */
		B2439D032A7BAF5800604CB5 /* XCRemoteSwiftPackageReference "Alamofire" */ = {
			isa = XCRemoteSwiftPackageReference;
			repositoryURL = "https://github.com/Alamofire/Alamofire";
			requirement = {
				kind = upToNextMajorVersion;
				minimumVersion = 5.0.0;
			};
		};
		B26D18E62A89C0AB00953A72 /* XCRemoteSwiftPackageReference "IQKeyboardManager" */ = {
			isa = XCRemoteSwiftPackageReference;
			repositoryURL = "https://github.com/hackiftekhar/IQKeyboardManager.git";
			requirement = {
				kind = upToNextMajorVersion;
				minimumVersion = 6.0.0;
			};
		};
		B2C3E4A92A86238000E3C8F6 /* XCRemoteSwiftPackageReference "LGSideMenuController" */ = {
			isa = XCRemoteSwiftPackageReference;
			repositoryURL = "https://github.com/Friend-LGA/LGSideMenuController";
			requirement = {
				kind = upToNextMajorVersion;
				minimumVersion = 3.0.0;
			};
		};
/* End XCRemoteSwiftPackageReference section */

/* Begin XCSwiftPackageProductDependency section */
		B2439D042A7BAF5800604CB5 /* Alamofire */ = {
			isa = XCSwiftPackageProductDependency;
			package = B2439D032A7BAF5800604CB5 /* XCRemoteSwiftPackageReference "Alamofire" */;
			productName = Alamofire;
		};
		B26D18E72A89C0AB00953A72 /* IQKeyboardManagerSwift */ = {
			isa = XCSwiftPackageProductDependency;
			package = B26D18E62A89C0AB00953A72 /* XCRemoteSwiftPackageReference "IQKeyboardManager" */;
			productName = IQKeyboardManagerSwift;
		};
		B2C3E4AA2A86238000E3C8F6 /* LGSideMenuController */ = {
			isa = XCSwiftPackageProductDependency;
			package = B2C3E4A92A86238000E3C8F6 /* XCRemoteSwiftPackageReference "LGSideMenuController" */;
			productName = LGSideMenuController;
		};
/* End XCSwiftPackageProductDependency section */

/* Begin XCVersionGroup section */
		B2439D102A7E8E6100604CB5 /* RouteListDataModel.xcdatamodeld */ = {
			isa = XCVersionGroup;
			children = (
				B2439D112A7E8E6100604CB5 /* RouteListDataModel.xcdatamodel */,
			);
			currentVersion = B2439D112A7E8E6100604CB5 /* RouteListDataModel.xcdatamodel */;
			path = RouteListDataModel.xcdatamodeld;
			sourceTree = "<group>";
			versionGroupType = wrapper.xcdatamodel;
		};
/* End XCVersionGroup section */
	};
	rootObject = B2F6DD152A74C8D500A6B6CB /* Project object */;
}
